
Microsoft Visual Studio Solution File, Format Version 12.00
# Visual Studio 2012
Project("{8BC9CEB8-8B4A-11D0-8D11-00A0C91BC942}") = "TestConstructionList", "TestConstructionList\TestConstructionList.vcxproj", "{8D595766-0EF2-4C85-9279-8C4573F43F53}"
EndProject
Global
	GlobalSection(SolutionConfigurationPlatforms) = preSolution
		Debug|Win32 = Debug|Win32
		Release|Win32 = Release|Win32
	EndGlobalSection
	GlobalSection(ProjectConfigurationPlatforms) = postSolution
		{8D595766-0EF2-4C85-9279-8C4573F43F53}.Debug|Win32.ActiveCfg = Debug|Win32
		{8D595766-0EF2-4C85-9279-8C4573F43F53}.Debug|Win32.Build.0 = Debug|Win32
		{8D595766-0EF2-4C85-9279-8C4573F43F53}.Release|Win32.ActiveCfg = Release|Win32
		{8D595766-0EF2-4C85-9279-8C4573F43F53}.Release|Win32.Build.0 = Release|Win32
	EndGlobalSection
	GlobalSection(SolutionProperties) = preSolution
		HideSolutionNode = FALSE
	EndGlobalSection
EndGlobal
