
Microsoft Visual Studio Solution File, Format Version 9.00
# Visual C++ Express 2005
Project("{8BC9CEB8-8B4A-11D0-8D11-00A0C91BC942}") = "8_3_3", "8_3_3\8_3_3.vcproj", "{A3B71C25-83BE-47CD-AABF-B56A6F263CDE}"
EndProject
Global
	GlobalSection(SolutionConfigurationPlatforms) = preSolution
		Debug|Win32 = Debug|Win32
		Release|Win32 = Release|Win32
	EndGlobalSection
	GlobalSection(ProjectConfigurationPlatforms) = postSolution
		{A3B71C25-83BE-47CD-AABF-B56A6F263CDE}.Debug|Win32.ActiveCfg = Debug|Win32
		{A3B71C25-83BE-47CD-AABF-B56A6F263CDE}.Debug|Win32.Build.0 = Debug|Win32
		{A3B71C25-83BE-47CD-AABF-B56A6F263CDE}.Release|Win32.ActiveCfg = Release|Win32
		{A3B71C25-83BE-47CD-AABF-B56A6F263CDE}.Release|Win32.Build.0 = Release|Win32
	EndGlobalSection
	GlobalSection(SolutionProperties) = preSolution
		HideSolutionNode = FALSE
	EndGlobalSection
EndGlobal
