
Microsoft Visual Studio Solution File, Format Version 12.00
# Visual Studio 2012
Project("{8BC9CEB8-8B4A-11D0-8D11-00A0C91BC942}") = "TestUnsignedInt", "TestUnsignedInt\TestUnsignedInt.vcxproj", "{E5D40E88-71AF-4B47-8EDF-002C4079FA12}"
EndProject
Global
	GlobalSection(SolutionConfigurationPlatforms) = preSolution
		Debug|Win32 = Debug|Win32
		Release|Win32 = Release|Win32
	EndGlobalSection
	GlobalSection(ProjectConfigurationPlatforms) = postSolution
		{E5D40E88-71AF-4B47-8EDF-002C4079FA12}.Debug|Win32.ActiveCfg = Debug|Win32
		{E5D40E88-71AF-4B47-8EDF-002C4079FA12}.Debug|Win32.Build.0 = Debug|Win32
		{E5D40E88-71AF-4B47-8EDF-002C4079FA12}.Release|Win32.ActiveCfg = Release|Win32
		{E5D40E88-71AF-4B47-8EDF-002C4079FA12}.Release|Win32.Build.0 = Release|Win32
	EndGlobalSection
	GlobalSection(SolutionProperties) = preSolution
		HideSolutionNode = FALSE
	EndGlobalSection
EndGlobal
