
Microsoft Visual Studio Solution File, Format Version 12.00
# Visual Studio 2012
Project("{8BC9CEB8-8B4A-11D0-8D11-00A0C91BC942}") = "TestLuaLib2", "TestLuaLib2\TestLuaLib2.vcxproj", "{E6612938-3A3C-4A68-9900-0BE41162B8D6}"
EndProject
Global
	GlobalSection(SolutionConfigurationPlatforms) = preSolution
		Debug|Win32 = Debug|Win32
		Release|Win32 = Release|Win32
	EndGlobalSection
	GlobalSection(ProjectConfigurationPlatforms) = postSolution
		{E6612938-3A3C-4A68-9900-0BE41162B8D6}.Debug|Win32.ActiveCfg = Debug|Win32
		{E6612938-3A3C-4A68-9900-0BE41162B8D6}.Debug|Win32.Build.0 = Debug|Win32
		{E6612938-3A3C-4A68-9900-0BE41162B8D6}.Release|Win32.ActiveCfg = Release|Win32
		{E6612938-3A3C-4A68-9900-0BE41162B8D6}.Release|Win32.Build.0 = Release|Win32
	EndGlobalSection
	GlobalSection(SolutionProperties) = preSolution
		HideSolutionNode = FALSE
	EndGlobalSection
EndGlobal
